// !$*UTF8*$!
{
	archiveVersion = 1;
	classes = {
	};
	objectVersion = 46;
	objects = {

/* Begin PBXBuildFile section */
		28B183D3180508AE0048CCA3 /* Foundation.framework in Frameworks */ = {isa = PBXBuildFile; fileRef = 28B183D2180508AE0048CCA3 /* Foundation.framework */; };
		28B183D5180508AE0048CCA3 /* CoreGraphics.framework in Frameworks */ = {isa = PBXBuildFile; fileRef = 28B183D4180508AE0048CCA3 /* CoreGraphics.framework */; };
		28B183D7180508AE0048CCA3 /* UIKit.framework in Frameworks */ = {isa = PBXBuildFile; fileRef = 28B183D6180508AE0048CCA3 /* UIKit.framework */; };
		28B183DD180508AE0048CCA3 /* InfoPlist.strings in Resources */ = {isa = PBXBuildFile; fileRef = 28B183DB180508AE0048CCA3 /* InfoPlist.strings */; };
		28B183DF180508AE0048CCA3 /* main.m in Sources */ = {isa = PBXBuildFile; fileRef = 28B183DE180508AE0048CCA3 /* main.m */; };
		28B183E3180508AE0048CCA3 /* SPAppDelegate.m in Sources */ = {isa = PBXBuildFile; fileRef = 28B183E2180508AE0048CCA3 /* SPAppDelegate.m */; };
		28B183E6180508AE0048CCA3 /* Main_iPhone.storyboard in Resources */ = {isa = PBXBuildFile; fileRef = 28B183E4180508AE0048CCA3 /* Main_iPhone.storyboard */; };
		28B183E9180508AE0048CCA3 /* Main_iPad.storyboard in Resources */ = {isa = PBXBuildFile; fileRef = 28B183E7180508AE0048CCA3 /* Main_iPad.storyboard */; };
		28B183EC180508AE0048CCA3 /* SPViewController.m in Sources */ = {isa = PBXBuildFile; fileRef = 28B183EB180508AE0048CCA3 /* SPViewController.m */; };
		28B183EE180508AE0048CCA3 /* Images.xcassets in Resources */ = {isa = PBXBuildFile; fileRef = 28B183ED180508AE0048CCA3 /* Images.xcassets */; };
		28B183F5180508AE0048CCA3 /* XCTest.framework in Frameworks */ = {isa = PBXBuildFile; fileRef = 28B183F4180508AE0048CCA3 /* XCTest.framework */; };
		28B183F6180508AE0048CCA3 /* Foundation.framework in Frameworks */ = {isa = PBXBuildFile; fileRef = 28B183D2180508AE0048CCA3 /* Foundation.framework */; };
		28B183F7180508AE0048CCA3 /* UIKit.framework in Frameworks */ = {isa = PBXBuildFile; fileRef = 28B183D6180508AE0048CCA3 /* UIKit.framework */; };
		28B183FF180508AE0048CCA3 /* InfoPlist.strings in Resources */ = {isa = PBXBuildFile; fileRef = 28B183FD180508AE0048CCA3 /* InfoPlist.strings */; };
		28B18401180508AE0048CCA3 /* SidePanelTests.m in Sources */ = {isa = PBXBuildFile; fileRef = 28B18400180508AE0048CCA3 /* SidePanelTests.m */; };
		28B1840C180508F30048CCA3 /* SPSlideViewController.m in Sources */ = {isa = PBXBuildFile; fileRef = 28B1840B180508F30048CCA3 /* SPSlideViewController.m */; };
		28B184111806B31F0048CCA3 /* SPCustomSlideViewController.m in Sources */ = {isa = PBXBuildFile; fileRef = 28B184101806B31F0048CCA3 /* SPCustomSlideViewController.m */; };
/* End PBXBuildFile section */

/* Begin PBXContainerItemProxy section */
		28B183F8180508AE0048CCA3 /* PBXContainerItemProxy */ = {
			isa = PBXContainerItemProxy;
			containerPortal = 28B183C7180508AE0048CCA3 /* Project object */;
			proxyType = 1;
			remoteGlobalIDString = 28B183CE180508AE0048CCA3;
			remoteInfo = SidePanel;
		};
/* End PBXContainerItemProxy section */

/* Begin PBXFileReference section */
		28B183CF180508AE0048CCA3 /* SidePanel.app */ = {isa = PBXFileReference; explicitFileType = wrapper.application; includeInIndex = 0; path = SidePanel.app; sourceTree = BUILT_PRODUCTS_DIR; };
		28B183D2180508AE0048CCA3 /* Foundation.framework */ = {isa = PBXFileReference; lastKnownFileType = wrapper.framework; name = Foundation.framework; path = System/Library/Frameworks/Foundation.framework; sourceTree = SDKROOT; };
		28B183D4180508AE0048CCA3 /* CoreGraphics.framework */ = {isa = PBXFileReference; lastKnownFileType = wrapper.framework; name = CoreGraphics.framework; path = System/Library/Frameworks/CoreGraphics.framework; sourceTree = SDKROOT; };
		28B183D6180508AE0048CCA3 /* UIKit.framework */ = {isa = PBXFileReference; lastKnownFileType = wrapper.framework; name = UIKit.framework; path = System/Library/Frameworks/UIKit.framework; sourceTree = SDKROOT; };
		28B183DA180508AE0048CCA3 /* SidePanel-Info.plist */ = {isa = PBXFileReference; lastKnownFileType = text.plist.xml; path = "SidePanel-Info.plist"; sourceTree = "<group>"; };
		28B183DC180508AE0048CCA3 /* en */ = {isa = PBXFileReference; lastKnownFileType = text.plist.strings; name = en; path = en.lproj/InfoPlist.strings; sourceTree = "<group>"; };
		28B183DE180508AE0048CCA3 /* main.m */ = {isa = PBXFileReference; lastKnownFileType = sourcecode.c.objc; path = main.m; sourceTree = "<group>"; };
		28B183E0180508AE0048CCA3 /* SidePanel-Prefix.pch */ = {isa = PBXFileReference; lastKnownFileType = sourcecode.c.h; path = "SidePanel-Prefix.pch"; sourceTree = "<group>"; };
		28B183E1180508AE0048CCA3 /* SPAppDelegate.h */ = {isa = PBXFileReference; lastKnownFileType = sourcecode.c.h; path = SPAppDelegate.h; sourceTree = "<group>"; };
		28B183E2180508AE0048CCA3 /* SPAppDelegate.m */ = {isa = PBXFileReference; lastKnownFileType = sourcecode.c.objc; path = SPAppDelegate.m; sourceTree = "<group>"; };
		28B183E5180508AE0048CCA3 /* Base */ = {isa = PBXFileReference; lastKnownFileType = file.storyboard; name = Base; path = Base.lproj/Main_iPhone.storyboard; sourceTree = "<group>"; };
		28B183E8180508AE0048CCA3 /* Base */ = {isa = PBXFileReference; lastKnownFileType = file.storyboard; name = Base; path = Base.lproj/Main_iPad.storyboard; sourceTree = "<group>"; };
		28B183EA180508AE0048CCA3 /* SPViewController.h */ = {isa = PBXFileReference; lastKnownFileType = sourcecode.c.h; path = SPViewController.h; sourceTree = "<group>"; };
		28B183EB180508AE0048CCA3 /* SPViewController.m */ = {isa = PBXFileReference; lastKnownFileType = sourcecode.c.objc; path = SPViewController.m; sourceTree = "<group>"; };
		28B183ED180508AE0048CCA3 /* Images.xcassets */ = {isa = PBXFileReference; lastKnownFileType = folder.assetcatalog; path = Images.xcassets; sourceTree = "<group>"; };
		28B183F3180508AE0048CCA3 /* SidePanelTests.xctest */ = {isa = PBXFileReference; explicitFileType = wrapper.cfbundle; includeInIndex = 0; path = SidePanelTests.xctest; sourceTree = BUILT_PRODUCTS_DIR; };
		28B183F4180508AE0048CCA3 /* XCTest.framework */ = {isa = PBXFileReference; lastKnownFileType = wrapper.framework; name = XCTest.framework; path = Library/Frameworks/XCTest.framework; sourceTree = DEVELOPER_DIR; };
		28B183FC180508AE0048CCA3 /* SidePanelTests-Info.plist */ = {isa = PBXFileReference; lastKnownFileType = text.plist.xml; path = "SidePanelTests-Info.plist"; sourceTree = "<group>"; };
		28B183FE180508AE0048CCA3 /* en */ = {isa = PBXFileReference; lastKnownFileType = text.plist.strings; name = en; path = en.lproj/InfoPlist.strings; sourceTree = "<group>"; };
		28B18400180508AE0048CCA3 /* SidePanelTests.m */ = {isa = PBXFileReference; lastKnownFileType = sourcecode.c.objc; path = SidePanelTests.m; sourceTree = "<group>"; };
		28B1840A180508F30048CCA3 /* SPSlideViewController.h */ = {isa = PBXFileReference; fileEncoding = 4; lastKnownFileType = sourcecode.c.h; path = SPSlideViewController.h; sourceTree = "<group>"; };
		28B1840B180508F30048CCA3 /* SPSlideViewController.m */ = {isa = PBXFileReference; fileEncoding = 4; lastKnownFileType = sourcecode.c.objc; path = SPSlideViewController.m; sourceTree = "<group>"; };
		28B1840F1806B31F0048CCA3 /* SPCustomSlideViewController.h */ = {isa = PBXFileReference; fileEncoding = 4; lastKnownFileType = sourcecode.c.h; path = SPCustomSlideViewController.h; sourceTree = "<group>"; };
		28B184101806B31F0048CCA3 /* SPCustomSlideViewController.m */ = {isa = PBXFileReference; fileEncoding = 4; lastKnownFileType = sourcecode.c.objc; path = SPCustomSlideViewController.m; sourceTree = "<group>"; };
/* End PBXFileReference section */

/* Begin PBXFrameworksBuildPhase section */
		28B183CC180508AE0048CCA3 /* Frameworks */ = {
			isa = PBXFrameworksBuildPhase;
			buildActionMask = 2147483647;
			files = (
				28B183D5180508AE0048CCA3 /* CoreGraphics.framework in Frameworks */,
				28B183D7180508AE0048CCA3 /* UIKit.framework in Frameworks */,
				28B183D3180508AE0048CCA3 /* Foundation.framework in Frameworks */,
			);
			runOnlyForDeploymentPostprocessing = 0;
		};
		28B183F0180508AE0048CCA3 /* Frameworks */ = {
			isa = PBXFrameworksBuildPhase;
			buildActionMask = 2147483647;
			files = (
				28B183F5180508AE0048CCA3 /* XCTest.framework in Frameworks */,
				28B183F7180508AE0048CCA3 /* UIKit.framework in Frameworks */,
				28B183F6180508AE0048CCA3 /* Foundation.framework in Frameworks */,
			);
			runOnlyForDeploymentPostprocessing = 0;
		};
/* End PBXFrameworksBuildPhase section */

/* Begin PBXGroup section */
		28B183C6180508AE0048CCA3 = {
			isa = PBXGroup;
			children = (
				28B183D8180508AE0048CCA3 /* SidePanel */,
				28B183FA180508AE0048CCA3 /* SidePanelTests */,
				28B183D1180508AE0048CCA3 /* Frameworks */,
				28B183D0180508AE0048CCA3 /* Products */,
			);
			sourceTree = "<group>";
		};
		28B183D0180508AE0048CCA3 /* Products */ = {
			isa = PBXGroup;
			children = (
				28B183CF180508AE0048CCA3 /* SidePanel.app */,
				28B183F3180508AE0048CCA3 /* SidePanelTests.xctest */,
			);
			name = Products;
			sourceTree = "<group>";
		};
		28B183D1180508AE0048CCA3 /* Frameworks */ = {
			isa = PBXGroup;
			children = (
				28B183D2180508AE0048CCA3 /* Foundation.framework */,
				28B183D4180508AE0048CCA3 /* CoreGraphics.framework */,
				28B183D6180508AE0048CCA3 /* UIKit.framework */,
				28B183F4180508AE0048CCA3 /* XCTest.framework */,
			);
			name = Frameworks;
			sourceTree = "<group>";
		};
		28B183D8180508AE0048CCA3 /* SidePanel */ = {
			isa = PBXGroup;
			children = (
				28B184121806B3320048CCA3 /* Base Classes */,
				28B183E1180508AE0048CCA3 /* SPAppDelegate.h */,
				28B183E2180508AE0048CCA3 /* SPAppDelegate.m */,
				28B183E4180508AE0048CCA3 /* Main_iPhone.storyboard */,
				28B183E7180508AE0048CCA3 /* Main_iPad.storyboard */,
				28B183EA180508AE0048CCA3 /* SPViewController.h */,
				28B183EB180508AE0048CCA3 /* SPViewController.m */,
				28B1840F1806B31F0048CCA3 /* SPCustomSlideViewController.h */,
				28B184101806B31F0048CCA3 /* SPCustomSlideViewController.m */,
				28B183ED180508AE0048CCA3 /* Images.xcassets */,
				28B183D9180508AE0048CCA3 /* Supporting Files */,
			);
			path = SidePanel;
			sourceTree = "<group>";
		};
		28B183D9180508AE0048CCA3 /* Supporting Files */ = {
			isa = PBXGroup;
			children = (
				28B183DA180508AE0048CCA3 /* SidePanel-Info.plist */,
				28B183DB180508AE0048CCA3 /* InfoPlist.strings */,
				28B183DE180508AE0048CCA3 /* main.m */,
				28B183E0180508AE0048CCA3 /* SidePanel-Prefix.pch */,
			);
			name = "Supporting Files";
			sourceTree = "<group>";
		};
		28B183FA180508AE0048CCA3 /* SidePanelTests */ = {
			isa = PBXGroup;
			children = (
				28B18400180508AE0048CCA3 /* SidePanelTests.m */,
				28B183FB180508AE0048CCA3 /* Supporting Files */,
			);
			path = SidePanelTests;
			sourceTree = "<group>";
		};
		28B183FB180508AE0048CCA3 /* Supporting Files */ = {
			isa = PBXGroup;
			children = (
				28B183FC180508AE0048CCA3 /* SidePanelTests-Info.plist */,
				28B183FD180508AE0048CCA3 /* InfoPlist.strings */,
			);
			name = "Supporting Files";
			sourceTree = "<group>";
		};
		28B184121806B3320048CCA3 /* Base Classes */ = {
			isa = PBXGroup;
			children = (
				28B1840A180508F30048CCA3 /* SPSlideViewController.h */,
				28B1840B180508F30048CCA3 /* SPSlideViewController.m */,
			);
			name = "Base Classes";
			sourceTree = "<group>";
		};
/* End PBXGroup section */

/* Begin PBXNativeTarget section */
		28B183CE180508AE0048CCA3 /* SidePanel */ = {
			isa = PBXNativeTarget;
			buildConfigurationList = 28B18404180508AE0048CCA3 /* Build configuration list for PBXNativeTarget "SidePanel" */;
			buildPhases = (
				28B183CB180508AE0048CCA3 /* Sources */,
				28B183CC180508AE0048CCA3 /* Frameworks */,
				28B183CD180508AE0048CCA3 /* Resources */,
			);
			buildRules = (
			);
			dependencies = (
			);
			name = SidePanel;
			productName = SidePanel;
			productReference = 28B183CF180508AE0048CCA3 /* SidePanel.app */;
			productType = "com.apple.product-type.application";
		};
		28B183F2180508AE0048CCA3 /* SidePanelTests */ = {
			isa = PBXNativeTarget;
			buildConfigurationList = 28B18407180508AE0048CCA3 /* Build configuration list for PBXNativeTarget "SidePanelTests" */;
			buildPhases = (
				28B183EF180508AE0048CCA3 /* Sources */,
				28B183F0180508AE0048CCA3 /* Frameworks */,
				28B183F1180508AE0048CCA3 /* Resources */,
			);
			buildRules = (
			);
			dependencies = (
				28B183F9180508AE0048CCA3 /* PBXTargetDependency */,
			);
			name = SidePanelTests;
			productName = SidePanelTests;
			productReference = 28B183F3180508AE0048CCA3 /* SidePanelTests.xctest */;
			productType = "com.apple.product-type.bundle.unit-test";
		};
/* End PBXNativeTarget section */

/* Begin PBXProject section */
		28B183C7180508AE0048CCA3 /* Project object */ = {
			isa = PBXProject;
			attributes = {
				CLASSPREFIX = SP;
				LastUpgradeCheck = 0500;
				ORGANIZATIONNAME = "Alexander Bykov";
				TargetAttributes = {
					28B183F2180508AE0048CCA3 = {
						TestTargetID = 28B183CE180508AE0048CCA3;
					};
				};
			};
			buildConfigurationList = 28B183CA180508AE0048CCA3 /* Build configuration list for PBXProject "SidePanel" */;
			compatibilityVersion = "Xcode 3.2";
			developmentRegion = English;
			hasScannedForEncodings = 0;
			knownRegions = (
				en,
				Base,
			);
			mainGroup = 28B183C6180508AE0048CCA3;
			productRefGroup = 28B183D0180508AE0048CCA3 /* Products */;
			projectDirPath = "";
			projectRoot = "";
			targets = (
				28B183CE180508AE0048CCA3 /* SidePanel */,
				28B183F2180508AE0048CCA3 /* SidePanelTests */,
			);
		};
/* End PBXProject section */

/* Begin PBXResourcesBuildPhase section */
		28B183CD180508AE0048CCA3 /* Resources */ = {
			isa = PBXResourcesBuildPhase;
			buildActionMask = 2147483647;
			files = (
				28B183E9180508AE0048CCA3 /* Main_iPad.storyboard in Resources */,
				28B183EE180508AE0048CCA3 /* Images.xcassets in Resources */,
				28B183E6180508AE0048CCA3 /* Main_iPhone.storyboard in Resources */,
				28B183DD180508AE0048CCA3 /* InfoPlist.strings in Resources */,
			);
			runOnlyForDeploymentPostprocessing = 0;
		};
		28B183F1180508AE0048CCA3 /* Resources */ = {
			isa = PBXResourcesBuildPhase;
			buildActionMask = 2147483647;
			files = (
				28B183FF180508AE0048CCA3 /* InfoPlist.strings in Resources */,
			);
			runOnlyForDeploymentPostprocessing = 0;
		};
/* End PBXResourcesBuildPhase section */

/* Begin PBXSourcesBuildPhase section */
		28B183CB180508AE0048CCA3 /* Sources */ = {
			isa = PBXSourcesBuildPhase;
			buildActionMask = 2147483647;
			files = (
				28B183DF180508AE0048CCA3 /* main.m in Sources */,
				28B1840C180508F30048CCA3 /* SPSlideViewController.m in Sources */,
				28B183EC180508AE0048CCA3 /* SPViewController.m in Sources */,
				28B183E3180508AE0048CCA3 /* SPAppDelegate.m in Sources */,
				28B184111806B31F0048CCA3 /* SPCustomSlideViewController.m in Sources */,
			);
			runOnlyForDeploymentPostprocessing = 0;
		};
		28B183EF180508AE0048CCA3 /* Sources */ = {
			isa = PBXSourcesBuildPhase;
			buildActionMask = 2147483647;
			files = (
				28B18401180508AE0048CCA3 /* SidePanelTests.m in Sources */,
			);
			runOnlyForDeploymentPostprocessing = 0;
		};
/* End PBXSourcesBuildPhase section */

/* Begin PBXTargetDependency section */
		28B183F9180508AE0048CCA3 /* PBXTargetDependency */ = {
			isa = PBXTargetDependency;
			target = 28B183CE180508AE0048CCA3 /* SidePanel */;
			targetProxy = 28B183F8180508AE0048CCA3 /* PBXContainerItemProxy */;
		};
/* End PBXTargetDependency section */

/* Begin PBXVariantGroup section */
		28B183DB180508AE0048CCA3 /* InfoPlist.strings */ = {
			isa = PBXVariantGroup;
			children = (
				28B183DC180508AE0048CCA3 /* en */,
			);
			name = InfoPlist.strings;
			sourceTree = "<group>";
		};
		28B183E4180508AE0048CCA3 /* Main_iPhone.storyboard */ = {
			isa = PBXVariantGroup;
			children = (
				28B183E5180508AE0048CCA3 /* Base */,
			);
			name = Main_iPhone.storyboard;
			sourceTree = "<group>";
		};
		28B183E7180508AE0048CCA3 /* Main_iPad.storyboard */ = {
			isa = PBXVariantGroup;
			children = (
				28B183E8180508AE0048CCA3 /* Base */,
			);
			name = Main_iPad.storyboard;
			sourceTree = "<group>";
		};
		28B183FD180508AE0048CCA3 /* InfoPlist.strings */ = {
			isa = PBXVariantGroup;
			children = (
				28B183FE180508AE0048CCA3 /* en */,
			);
			name = InfoPlist.strings;
			sourceTree = "<group>";
		};
/* End PBXVariantGroup section */

/* Begin XCBuildConfiguration section */
		28B18402180508AE0048CCA3 /* Debug */ = {
			isa = XCBuildConfiguration;
			buildSettings = {
				ALWAYS_SEARCH_USER_PATHS = NO;
				ARCHS = "$(ARCHS_STANDARD_INCLUDING_64_BIT)";
				CLANG_CXX_LANGUAGE_STANDARD = "gnu++0x";
				CLANG_CXX_LIBRARY = "libc++";
				CLANG_ENABLE_MODULES = YES;
				CLANG_ENABLE_OBJC_ARC = YES;
				CLANG_WARN_BOOL_CONVERSION = YES;
				CLANG_WARN_CONSTANT_CONVERSION = YES;
				CLANG_WARN_DIRECT_OBJC_ISA_USAGE = YES_ERROR;
				CLANG_WARN_EMPTY_BODY = YES;
				CLANG_WARN_ENUM_CONVERSION = YES;
				CLANG_WARN_INT_CONVERSION = YES;
				CLANG_WARN_OBJC_ROOT_CLASS = YES_ERROR;
				CLANG_WARN__DUPLICATE_METHOD_MATCH = YES;
				"CODE_SIGN_IDENTITY[sdk=iphoneos*]" = "iPhone Developer";
				COPY_PHASE_STRIP = NO;
				GCC_C_LANGUAGE_STANDARD = gnu99;
				GCC_DYNAMIC_NO_PIC = NO;
				GCC_OPTIMIZATION_LEVEL = 0;
				GCC_PREPROCESSOR_DEFINITIONS = (
					"DEBUG=1",
					"$(inherited)",
				);
				GCC_SYMBOLS_PRIVATE_EXTERN = NO;
				GCC_WARN_64_TO_32_BIT_CONVERSION = YES;
				GCC_WARN_ABOUT_RETURN_TYPE = YES_ERROR;
				GCC_WARN_UNDECLARED_SELECTOR = YES;
				GCC_WARN_UNINITIALIZED_AUTOS = YES;
				GCC_WARN_UNUSED_FUNCTION = YES;
				GCC_WARN_UNUSED_VARIABLE = YES;
				IPHONEOS_DEPLOYMENT_TARGET = 7.0;
				ONLY_ACTIVE_ARCH = YES;
				SDKROOT = iphoneos;
				TARGETED_DEVICE_FAMILY = "1,2";
			};
			name = Debug;
		};
		28B18403180508AE0048CCA3 /* Release */ = {
			isa = XCBuildConfiguration;
			buildSettings = {
				ALWAYS_SEARCH_USER_PATHS = NO;
				ARCHS = "$(ARCHS_STANDARD_INCLUDING_64_BIT)";
				CLANG_CXX_LANGUAGE_STANDARD = "gnu++0x";
				CLANG_CXX_LIBRARY = "libc++";
				CLANG_ENABLE_MODULES = YES;
				CLANG_ENABLE_OBJC_ARC = YES;
				CLANG_WARN_BOOL_CONVERSION = YES;
				CLANG_WARN_CONSTANT_CONVERSION = YES;
				CLANG_WARN_DIRECT_OBJC_ISA_USAGE = YES_ERROR;
				CLANG_WARN_EMPTY_BODY = YES;
				CLANG_WARN_ENUM_CONVERSION = YES;
				CLANG_WARN_INT_CONVERSION = YES;
				CLANG_WARN_OBJC_ROOT_CLASS = YES_ERROR;
				CLANG_WARN__DUPLICATE_METHOD_MATCH = YES;
				"CODE_SIGN_IDENTITY[sdk=iphoneos*]" = "iPhone Developer";
				COPY_PHASE_STRIP = YES;
				ENABLE_NS_ASSERTIONS = NO;
				GCC_C_LANGUAGE_STANDARD = gnu99;
				GCC_WARN_64_TO_32_BIT_CONVERSION = YES;
				GCC_WARN_ABOUT_RETURN_TYPE = YES_ERROR;
				GCC_WARN_UNDECLARED_SELECTOR = YES;
				GCC_WARN_UNINITIALIZED_AUTOS = YES;
				GCC_WARN_UNUSED_FUNCTION = YES;
				GCC_WARN_UNUSED_VARIABLE = YES;
				IPHONEOS_DEPLOYMENT_TARGET = 7.0;
				SDKROOT = iphoneos;
				TARGETED_DEVICE_FAMILY = "1,2";
				VALIDATE_PRODUCT = YES;
			};
			name = Release;
		};
		28B18405180508AE0048CCA3 /* Debug */ = {
			isa = XCBuildConfiguration;
			buildSettings = {
				ASSETCATALOG_COMPILER_APPICON_NAME = AppIcon;
				ASSETCATALOG_COMPILER_LAUNCHIMAGE_NAME = LaunchImage;
				GCC_PRECOMPILE_PREFIX_HEADER = YES;
				GCC_PREFIX_HEADER = "SidePanel/SidePanel-Prefix.pch";
				INFOPLIST_FILE = "SidePanel/SidePanel-Info.plist";
				PRODUCT_NAME = "$(TARGET_NAME)";
				WRAPPER_EXTENSION = app;
			};
			name = Debug;
		};
		28B18406180508AE0048CCA3 /* Release */ = {
			isa = XCBuildConfiguration;
			buildSettings = {
				ASSETCATALOG_COMPILER_APPICON_NAME = AppIcon;
				ASSETCATALOG_COMPILER_LAUNCHIMAGE_NAME = LaunchImage;
				GCC_PRECOMPILE_PREFIX_HEADER = YES;
				GCC_PREFIX_HEADER = "SidePanel/SidePanel-Prefix.pch";
				INFOPLIST_FILE = "SidePanel/SidePanel-Info.plist";
				PRODUCT_NAME = "$(TARGET_NAME)";
				WRAPPER_EXTENSION = app;
			};
			name = Release;
		};
		28B18408180508AE0048CCA3 /* Debug */ = {
			isa = XCBuildConfiguration;
			buildSettings = {
				ARCHS = "$(ARCHS_STANDARD_INCLUDING_64_BIT)";
				BUNDLE_LOADER = "$(BUILT_PRODUCTS_DIR)/SidePanel.app/SidePanel";
				FRAMEWORK_SEARCH_PATHS = (
					"$(SDKROOT)/Developer/Library/Frameworks",
					"$(inherited)",
					"$(DEVELOPER_FRAMEWORKS_DIR)",
				);
				GCC_PRECOMPILE_PREFIX_HEADER = YES;
				GCC_PREFIX_HEADER = "SidePanel/SidePanel-Prefix.pch";
				GCC_PREPROCESSOR_DEFINITIONS = (
					"DEBUG=1",
					"$(inherited)",
				);
				INFOPLIST_FILE = "SidePanelTests/SidePanelTests-Info.plist";
				PRODUCT_NAME = "$(TARGET_NAME)";
				TEST_HOST = "$(BUNDLE_LOADER)";
				WRAPPER_EXTENSION = xctest;
			};
			name = Debug;
		};
		28B18409180508AE0048CCA3 /* Release */ = {
			isa = XCBuildConfiguration;
			buildSettings = {
				ARCHS = "$(ARCHS_STANDARD_INCLUDING_64_BIT)";
				BUNDLE_LOADER = "$(BUILT_PRODUCTS_DIR)/SidePanel.app/SidePanel";
				FRAMEWORK_SEARCH_PATHS = (
					"$(SDKROOT)/Developer/Library/Frameworks",
					"$(inherited)",
					"$(DEVELOPER_FRAMEWORKS_DIR)",
				);
				GCC_PRECOMPILE_PREFIX_HEADER = YES;
				GCC_PREFIX_HEADER = "SidePanel/SidePanel-Prefix.pch";
				INFOPLIST_FILE = "SidePanelTests/SidePanelTests-Info.plist";
				PRODUCT_NAME = "$(TARGET_NAME)";
				TEST_HOST = "$(BUNDLE_LOADER)";
				WRAPPER_EXTENSION = xctest;
			};
			name = Release;
		};
/* End XCBuildConfiguration section */

/* Begin XCConfigurationList section */
		28B183CA180508AE0048CCA3 /* Build configuration list for PBXProject "SidePanel" */ = {
			isa = XCConfigurationList;
			buildConfigurations = (
				28B18402180508AE0048CCA3 /* Debug */,
				28B18403180508AE0048CCA3 /* Release */,
			);
			defaultConfigurationIsVisible = 0;
			defaultConfigurationName = Release;
		};
		28B18404180508AE0048CCA3 /* Build configuration list for PBXNativeTarget "SidePanel" */ = {
			isa = XCConfigurationList;
			buildConfigurations = (
				28B18405180508AE0048CCA3 /* Debug */,
				28B18406180508AE0048CCA3 /* Release */,
			);
			defaultConfigurationIsVisible = 0;
			defaultConfigurationName = Release;
		};
		28B18407180508AE0048CCA3 /* Build configuration list for PBXNativeTarget "SidePanelTests" */ = {
			isa = XCConfigurationList;
			buildConfigurations = (
				28B18408180508AE0048CCA3 /* Debug */,
				28B18409180508AE0048CCA3 /* Release */,
			);
			defaultConfigurationIsVisible = 0;
			defaultConfigurationName = Release;
		};
/* End XCConfigurationList section */
	};
	rootObject = 28B183C7180508AE0048CCA3 /* Project object */;
}
